
Microsoft Visual Studio Solution File, Format Version 12.00
# Visual Studio Version 16
VisualStudioVersion = 16.0.29709.97
MinimumVisualStudioVersion = 10.0.40219.1
Project("{9A19103F-16F7-4668-BE54-9A1E7A4F7556}") = "MessageService", "MessageService\MessageService.csproj", "{49AE78F9-1491-4249-9B26-97EA845D2E43}"
EndProject
Project("{9A19103F-16F7-4668-BE54-9A1E7A4F7556}") = "Domain", "Domain\Domain.csproj", "{1CB382A8-8DE5-4EEC-A557-A1C0D495996E}"
EndProject
Project("{9A19103F-16F7-4668-BE54-9A1E7A4F7556}") = "Model", "Model\Model.csproj", "{8FD8ECB4-C1A1-479B-996D-77BB429A701E}"
EndProject
Project("{FAE04EC0-301F-11D3-BF4B-00C04F79EFBC}") = "SignalR", "SignalR\SignalR.csproj", "{00BA63D6-E678-4D89-B4E2-9E5783FFD89F}"
EndProject
Global
	GlobalSection(SolutionConfigurationPlatforms) = preSolution
		Debug|Any CPU = Debug|Any CPU
		Release|Any CPU = Release|Any CPU
	EndGlobalSection
	GlobalSection(ProjectConfigurationPlatforms) = postSolution
		{49AE78F9-1491-4249-9B26-97EA845D2E43}.Debug|Any CPU.ActiveCfg = Debug|Any CPU
		{49AE78F9-1491-4249-9B26-97EA845D2E43}.Debug|Any CPU.Build.0 = Debug|Any CPU
		{49AE78F9-1491-4249-9B26-97EA845D2E43}.Release|Any CPU.ActiveCfg = Release|Any CPU
		{49AE78F9-1491-4249-9B26-97EA845D2E43}.Release|Any CPU.Build.0 = Release|Any CPU
		{1CB382A8-8DE5-4EEC-A557-A1C0D495996E}.Debug|Any CPU.ActiveCfg = Debug|Any CPU
		{1CB382A8-8DE5-4EEC-A557-A1C0D495996E}.Debug|Any CPU.Build.0 = Debug|Any CPU
		{1CB382A8-8DE5-4EEC-A557-A1C0D495996E}.Release|Any CPU.ActiveCfg = Release|Any CPU
		{1CB382A8-8DE5-4EEC-A557-A1C0D495996E}.Release|Any CPU.Build.0 = Release|Any CPU
		{8FD8ECB4-C1A1-479B-996D-77BB429A701E}.Debug|Any CPU.ActiveCfg = Debug|Any CPU
		{8FD8ECB4-C1A1-479B-996D-77BB429A701E}.Debug|Any CPU.Build.0 = Debug|Any CPU
		{8FD8ECB4-C1A1-479B-996D-77BB429A701E}.Release|Any CPU.ActiveCfg = Release|Any CPU
		{8FD8ECB4-C1A1-479B-996D-77BB429A701E}.Release|Any CPU.Build.0 = Release|Any CPU
		{00BA63D6-E678-4D89-B4E2-9E5783FFD89F}.Debug|Any CPU.ActiveCfg = Debug|Any CPU
		{00BA63D6-E678-4D89-B4E2-9E5783FFD89F}.Debug|Any CPU.Build.0 = Debug|Any CPU
		{00BA63D6-E678-4D89-B4E2-9E5783FFD89F}.Release|Any CPU.ActiveCfg = Release|Any CPU
		{00BA63D6-E678-4D89-B4E2-9E5783FFD89F}.Release|Any CPU.Build.0 = Release|Any CPU
	EndGlobalSection
	GlobalSection(SolutionProperties) = preSolution
		HideSolutionNode = FALSE
	EndGlobalSection
	GlobalSection(ExtensibilityGlobals) = postSolution
		SolutionGuid = {89512DFB-B2A4-44A3-8123-BCDC353EE75B}
	EndGlobalSection
EndGlobal
